// !$*UTF8*$!
{
	archiveVersion = 1;
	classes = {
	};
	objectVersion = 56;
	objects = {

/* Begin PBXBuildFile section */
		8F19C51929C7CAF0000CF7BF /* AdvancedToolbarApp.swift in Sources */ = {isa = PBXBuildFile; fileRef = 8F19C51829C7CAF0000CF7BF /* AdvancedToolbarApp.swift */; };
		8F19C51B29C7CAF0000CF7BF /* ContentView.swift in Sources */ = {isa = PBXBuildFile; fileRef = 8F19C51A29C7CAF0000CF7BF /* ContentView.swift */; };
		8F19C51D29C7CAF1000CF7BF /* Assets.xcassets in Resources */ = {isa = PBXBuildFile; fileRef = 8F19C51C29C7CAF1000CF7BF /* Assets.xcassets */; };
		8F19C52029C7CAF1000CF7BF /* Preview Assets.xcassets in Resources */ = {isa = PBXBuildFile; fileRef = 8F19C51F29C7CAF1000CF7BF /* Preview Assets.xcassets */; };
		8F27129129C9FDD6007EB414 /* AdvancedToolbarWindow.swift in Sources */ = {isa = PBXBuildFile; fileRef = 8F27129029C9FDD6007EB414 /* AdvancedToolbarWindow.swift */; };
/* End PBXBuildFile section */

/* Begin PBXFileReference section */
		8F19C51529C7CAF0000CF7BF /* AdvancedToolbarApp.app */ = {isa = PBXFileReference; explicitFileType = wrapper.application; includeInIndex = 0; path = AdvancedToolbarApp.app; sourceTree = BUILT_PRODUCTS_DIR; };
		8F19C51829C7CAF0000CF7BF /* AdvancedToolbarApp.swift */ = {isa = PBXFileReference; lastKnownFileType = sourcecode.swift; path = AdvancedToolbarApp.swift; sourceTree = "<group>"; };
		8F19C51A29C7CAF0000CF7BF /* ContentView.swift */ = {isa = PBXFileReference; lastKnownFileType = sourcecode.swift; path = ContentView.swift; sourceTree = "<group>"; };
		8F19C51C29C7CAF1000CF7BF /* Assets.xcassets */ = {isa = PBXFileReference; lastKnownFileType = folder.assetcatalog; path = Assets.xcassets; sourceTree = "<group>"; };
		8F19C51F29C7CAF1000CF7BF /* Preview Assets.xcassets */ = {isa = PBXFileReference; lastKnownFileType = folder.assetcatalog; path = "Preview Assets.xcassets"; sourceTree = "<group>"; };
		8F19C52129C7CAF1000CF7BF /* AdvancedToolbarApp.entitlements */ = {isa = PBXFileReference; lastKnownFileType = text.plist.entitlements; path = AdvancedToolbarApp.entitlements; sourceTree = "<group>"; };
		8F27129029C9FDD6007EB414 /* AdvancedToolbarWindow.swift */ = {isa = PBXFileReference; lastKnownFileType = sourcecode.swift; path = AdvancedToolbarWindow.swift; sourceTree = "<group>"; };
/* End PBXFileReference section */

/* Begin PBXFrameworksBuildPhase section */
		8F19C51229C7CAF0000CF7BF /* Frameworks */ = {
			isa = PBXFrameworksBuildPhase;
			buildActionMask = 2147483647;
			files = (
			);
			runOnlyForDeploymentPostprocessing = 0;
		};
/* End PBXFrameworksBuildPhase section */

/* Begin PBXGroup section */
		8F19C50C29C7CAEF000CF7BF = {
			isa = PBXGroup;
			children = (
				8F19C51729C7CAF0000CF7BF /* AdvancedToolbarApp */,
				8F19C51629C7CAF0000CF7BF /* Products */,
			);
			sourceTree = "<group>";
		};
		8F19C51629C7CAF0000CF7BF /* Products */ = {
			isa = PBXGroup;
			children = (
				8F19C51529C7CAF0000CF7BF /* AdvancedToolbarApp.app */,
			);
			name = Products;
			sourceTree = "<group>";
		};
		8F19C51729C7CAF0000CF7BF /* AdvancedToolbarApp */ = {
			isa = PBXGroup;
			children = (
				8F19C51829C7CAF0000CF7BF /* AdvancedToolbarApp.swift */,
				8F19C51A29C7CAF0000CF7BF /* ContentView.swift */,
				8F27129029C9FDD6007EB414 /* AdvancedToolbarWindow.swift */,
				8F19C51C29C7CAF1000CF7BF /* Assets.xcassets */,
				8F19C52129C7CAF1000CF7BF /* AdvancedToolbarApp.entitlements */,
				8F19C51E29C7CAF1000CF7BF /* Preview Content */,
			);
			path = AdvancedToolbarApp;
			sourceTree = "<group>";
		};
		8F19C51E29C7CAF1000CF7BF /* Preview Content */ = {
			isa = PBXGroup;
			children = (
				8F19C51F29C7CAF1000CF7BF /* Preview Assets.xcassets */,
			);
			path = "Preview Content";
			sourceTree = "<group>";
		};
/* End PBXGroup section */

/* Begin PBXNativeTarget section */
		8F19C51429C7CAF0000CF7BF /* AdvancedToolbarApp */ = {
			isa = PBXNativeTarget;
			buildConfigurationList = 8F19C52429C7CAF1000CF7BF /* Build configuration list for PBXNativeTarget "AdvancedToolbarApp" */;
			buildPhases = (
				8F19C51129C7CAF0000CF7BF /* Sources */,
				8F19C51229C7CAF0000CF7BF /* Frameworks */,
				8F19C51329C7CAF0000CF7BF /* Resources */,
			);
			buildRules = (
			);
			dependencies = (
			);
			name = AdvancedToolbarApp;
			productName = AdvancedToolbarApp;
			productReference = 8F19C51529C7CAF0000CF7BF /* AdvancedToolbarApp.app */;
			productType = "com.apple.product-type.application";
		};
/* End PBXNativeTarget section */

/* Begin PBXProject section */
		8F19C50D29C7CAEF000CF7BF /* Project object */ = {
			isa = PBXProject;
			attributes = {
				BuildIndependentTargetsInParallel = 1;
				LastSwiftUpdateCheck = 1420;
				LastUpgradeCheck = 1420;
				TargetAttributes = {
					8F19C51429C7CAF0000CF7BF = {
						CreatedOnToolsVersion = 14.2;
					};
				};
			};
			buildConfigurationList = 8F19C51029C7CAEF000CF7BF /* Build configuration list for PBXProject "AdvancedToolbarApp" */;
			compatibilityVersion = "Xcode 14.0";
			developmentRegion = en;
			hasScannedForEncodings = 0;
			knownRegions = (
				en,
				Base,
			);
			mainGroup = 8F19C50C29C7CAEF000CF7BF;
			productRefGroup = 8F19C51629C7CAF0000CF7BF /* Products */;
			projectDirPath = "";
			projectRoot = "";
			targets = (
				8F19C51429C7CAF0000CF7BF /* AdvancedToolbarApp */,
			);
		};
/* End PBXProject section */

/* Begin PBXResourcesBuildPhase section */
		8F19C51329C7CAF0000CF7BF /* Resources */ = {
			isa = PBXResourcesBuildPhase;
			buildActionMask = 2147483647;
			files = (
				8F19C52029C7CAF1000CF7BF /* Preview Assets.xcassets in Resources */,
				8F19C51D29C7CAF1000CF7BF /* Assets.xcassets in Resources */,
			);
			runOnlyForDeploymentPostprocessing = 0;
		};
/* End PBXResourcesBuildPhase section */

/* Begin PBXSourcesBuildPhase section */
		8F19C51129C7CAF0000CF7BF /* Sources */ = {
			isa = PBXSourcesBuildPhase;
			buildActionMask = 2147483647;
			files = (
				8F19C51B29C7CAF0000CF7BF /* ContentView.swift in Sources */,
				8F19C51929C7CAF0000CF7BF /* AdvancedToolbarApp.swift in Sources */,
				8F27129129C9FDD6007EB414 /* AdvancedToolbarWindow.swift in Sources */,
			);
			runOnlyForDeploymentPostprocessing = 0;
		};
/* End PBXSourcesBuildPhase section */

/* Begin XCBuildConfiguration section */
		8F19C52229C7CAF1000CF7BF /* Debug */ = {
			isa = XCBuildConfiguration;
			buildSettings = {
				ALWAYS_SEARCH_USER_PATHS = NO;
				CLANG_ANALYZER_NONNULL = YES;
				CLANG_ANALYZER_NUMBER_OBJECT_CONVERSION = YES_AGGRESSIVE;
				CLANG_CXX_LANGUAGE_STANDARD = "gnu++20";
				CLANG_ENABLE_MODULES = YES;
				CLANG_ENABLE_OBJC_ARC = YES;
				CLANG_ENABLE_OBJC_WEAK = YES;
				CLANG_WARN_BLOCK_CAPTURE_AUTORELEASING = YES;
				CLANG_WARN_BOOL_CONVERSION = YES;
				CLANG_WARN_COMMA = YES;
				CLANG_WARN_CONSTANT_CONVERSION = YES;
				CLANG_WARN_DEPRECATED_OBJC_IMPLEMENTATIONS = YES;
				CLANG_WARN_DIRECT_OBJC_ISA_USAGE = YES_ERROR;
				CLANG_WARN_DOCUMENTATION_COMMENTS = YES;
				CLANG_WARN_EMPTY_BODY = YES;
				CLANG_WARN_ENUM_CONVERSION = YES;
				CLANG_WARN_INFINITE_RECURSION = YES;
				CLANG_WARN_INT_CONVERSION = YES;
				CLANG_WARN_NON_LITERAL_NULL_CONVERSION = YES;
				CLANG_WARN_OBJC_IMPLICIT_RETAIN_SELF = YES;
				CLANG_WARN_OBJC_LITERAL_CONVERSION = YES;
				CLANG_WARN_OBJC_ROOT_CLASS = YES_ERROR;
				CLANG_WARN_QUOTED_INCLUDE_IN_FRAMEWORK_HEADER = YES;
				CLANG_WARN_RANGE_LOOP_ANALYSIS = YES;
				CLANG_WARN_STRICT_PROTOTYPES = YES;
				CLANG_WARN_SUSPICIOUS_MOVE = YES;
				CLANG_WARN_UNGUARDED_AVAILABILITY = YES_AGGRESSIVE;
				CLANG_WARN_UNREACHABLE_CODE = YES;
				CLANG_WARN__DUPLICATE_METHOD_MATCH = YES;
				COPY_PHASE_STRIP = NO;
				DEBUG_INFORMATION_FORMAT = dwarf;
				ENABLE_STRICT_OBJC_MSGSEND = YES;
				ENABLE_TESTABILITY = YES;
				GCC_C_LANGUAGE_STANDARD = gnu11;
				GCC_DYNAMIC_NO_PIC = NO;
				GCC_NO_COMMON_BLOCKS = YES;
				GCC_OPTIMIZATION_LEVEL = 0;
				GCC_PREPROCESSOR_DEFINITIONS = (
					"DEBUG=1",
					"$(inherited)",
				);
				GCC_WARN_64_TO_32_BIT_CONVERSION = YES;
				GCC_WARN_ABOUT_RETURN_TYPE = YES_ERROR;
				GCC_WARN_UNDECLARED_SELECTOR = YES;
				GCC_WARN_UNINITIALIZED_AUTOS = YES_AGGRESSIVE;
				GCC_WARN_UNUSED_FUNCTION = YES;
				GCC_WARN_UNUSED_VARIABLE = YES;
				MACOSX_DEPLOYMENT_TARGET = 13.1;
				MTL_ENABLE_DEBUG_INFO = INCLUDE_SOURCE;
				MTL_FAST_MATH = YES;
				ONLY_ACTIVE_ARCH = YES;
				SDKROOT = macosx;
				SWIFT_ACTIVE_COMPILATION_CONDITIONS = DEBUG;
				SWIFT_OPTIMIZATION_LEVEL = "-Onone";
			};
			name = Debug;
		};
		8F19C52329C7CAF1000CF7BF /* Release */ = {
			isa = XCBuildConfiguration;
			buildSettings = {
				ALWAYS_SEARCH_USER_PATHS = NO;
				CLANG_ANALYZER_NONNULL = YES;
				CLANG_ANALYZER_NUMBER_OBJECT_CONVERSION = YES_AGGRESSIVE;
				CLANG_CXX_LANGUAGE_STANDARD = "gnu++20";
				CLANG_ENABLE_MODULES = YES;
				CLANG_ENABLE_OBJC_ARC = YES;
				CLANG_ENABLE_OBJC_WEAK = YES;
				CLANG_WARN_BLOCK_CAPTURE_AUTORELEASING = YES;
				CLANG_WARN_BOOL_CONVERSION = YES;
				CLANG_WARN_COMMA = YES;
				CLANG_WARN_CONSTANT_CONVERSION = YES;
				CLANG_WARN_DEPRECATED_OBJC_IMPLEMENTATIONS = YES;
				CLANG_WARN_DIRECT_OBJC_ISA_USAGE = YES_ERROR;
				CLANG_WARN_DOCUMENTATION_COMMENTS = YES;
				CLANG_WARN_EMPTY_BODY = YES;
				CLANG_WARN_ENUM_CONVERSION = YES;
				CLANG_WARN_INFINITE_RECURSION = YES;
				CLANG_WARN_INT_CONVERSION = YES;
				CLANG_WARN_NON_LITERAL_NULL_CONVERSION = YES;
				CLANG_WARN_OBJC_IMPLICIT_RETAIN_SELF = YES;
				CLANG_WARN_OBJC_LITERAL_CONVERSION = YES;
				CLANG_WARN_OBJC_ROOT_CLASS = YES_ERROR;
				CLANG_WARN_QUOTED_INCLUDE_IN_FRAMEWORK_HEADER = YES;
				CLANG_WARN_RANGE_LOOP_ANALYSIS = YES;
				CLANG_WARN_STRICT_PROTOTYPES = YES;
				CLANG_WARN_SUSPICIOUS_MOVE = YES;
				CLANG_WARN_UNGUARDED_AVAILABILITY = YES_AGGRESSIVE;
				CLANG_WARN_UNREACHABLE_CODE = YES;
				CLANG_WARN__DUPLICATE_METHOD_MATCH = YES;
				COPY_PHASE_STRIP = NO;
				DEBUG_INFORMATION_FORMAT = "dwarf-with-dsym";
				ENABLE_NS_ASSERTIONS = NO;
				ENABLE_STRICT_OBJC_MSGSEND = YES;
				GCC_C_LANGUAGE_STANDARD = gnu11;
				GCC_NO_COMMON_BLOCKS = YES;
				GCC_WARN_64_TO_32_BIT_CONVERSION = YES;
				GCC_WARN_ABOUT_RETURN_TYPE = YES_ERROR;
				GCC_WARN_UNDECLARED_SELECTOR = YES;
				GCC_WARN_UNINITIALIZED_AUTOS = YES_AGGRESSIVE;
				GCC_WARN_UNUSED_FUNCTION = YES;
				GCC_WARN_UNUSED_VARIABLE = YES;
				MACOSX_DEPLOYMENT_TARGET = 13.1;
				MTL_ENABLE_DEBUG_INFO = NO;
				MTL_FAST_MATH = YES;
				SDKROOT = macosx;
				SWIFT_COMPILATION_MODE = wholemodule;
				SWIFT_OPTIMIZATION_LEVEL = "-O";
			};
			name = Release;
		};
		8F19C52529C7CAF1000CF7BF /* Debug */ = {
			isa = XCBuildConfiguration;
			buildSettings = {
				ASSETCATALOG_COMPILER_APPICON_NAME = AppIcon;
				ASSETCATALOG_COMPILER_GLOBAL_ACCENT_COLOR_NAME = AccentColor;
				CODE_SIGN_ENTITLEMENTS = AdvancedToolbarApp/AdvancedToolbarApp.entitlements;
				CODE_SIGN_STYLE = Automatic;
				COMBINE_HIDPI_IMAGES = YES;
				CURRENT_PROJECT_VERSION = 1;
				DEVELOPMENT_ASSET_PATHS = "\"AdvancedToolbarApp/Preview Content\"";
				DEVELOPMENT_TEAM = Q7HWV27P33;
				ENABLE_HARDENED_RUNTIME = YES;
				ENABLE_PREVIEWS = YES;
				GENERATE_INFOPLIST_FILE = YES;
				INFOPLIST_KEY_NSHumanReadableCopyright = "";
				LD_RUNPATH_SEARCH_PATHS = (
					"$(inherited)",
					"@executable_path/../Frameworks",
				);
				MARKETING_VERSION = 1.0;
				PRODUCT_BUNDLE_IDENTIFIER = com.stephancasas.AdvancedToolbarApp;
				PRODUCT_NAME = "$(TARGET_NAME)";
				SWIFT_EMIT_LOC_STRINGS = YES;
				SWIFT_VERSION = 5.0;
			};
			name = Debug;
		};
		8F19C52629C7CAF1000CF7BF /* Release */ = {
			isa = XCBuildConfiguration;
			buildSettings = {
				ASSETCATALOG_COMPILER_APPICON_NAME = AppIcon;
				ASSETCATALOG_COMPILER_GLOBAL_ACCENT_COLOR_NAME = AccentColor;
				CODE_SIGN_ENTITLEMENTS = AdvancedToolbarApp/AdvancedToolbarApp.entitlements;
				CODE_SIGN_STYLE = Automatic;
				COMBINE_HIDPI_IMAGES = YES;
				CURRENT_PROJECT_VERSION = 1;
				DEVELOPMENT_ASSET_PATHS = "\"AdvancedToolbarApp/Preview Content\"";
				DEVELOPMENT_TEAM = Q7HWV27P33;
				ENABLE_HARDENED_RUNTIME = YES;
				ENABLE_PREVIEWS = YES;
				GENERATE_INFOPLIST_FILE = YES;
				INFOPLIST_KEY_NSHumanReadableCopyright = "";
				LD_RUNPATH_SEARCH_PATHS = (
					"$(inherited)",
					"@executable_path/../Frameworks",
				);
				MARKETING_VERSION = 1.0;
				PRODUCT_BUNDLE_IDENTIFIER = com.stephancasas.AdvancedToolbarApp;
				PRODUCT_NAME = "$(TARGET_NAME)";
				SWIFT_EMIT_LOC_STRINGS = YES;
				SWIFT_VERSION = 5.0;
			};
			name = Release;
		};
/* End XCBuildConfiguration section */

/* Begin XCConfigurationList section */
		8F19C51029C7CAEF000CF7BF /* Build configuration list for PBXProject "AdvancedToolbarApp" */ = {
			isa = XCConfigurationList;
			buildConfigurations = (
				8F19C52229C7CAF1000CF7BF /* Debug */,
				8F19C52329C7CAF1000CF7BF /* Release */,
			);
			defaultConfigurationIsVisible = 0;
			defaultConfigurationName = Release;
		};
		8F19C52429C7CAF1000CF7BF /* Build configuration list for PBXNativeTarget "AdvancedToolbarApp" */ = {
			isa = XCConfigurationList;
			buildConfigurations = (
				8F19C52529C7CAF1000CF7BF /* Debug */,
				8F19C52629C7CAF1000CF7BF /* Release */,
			);
			defaultConfigurationIsVisible = 0;
			defaultConfigurationName = Release;
		};
/* End XCConfigurationList section */
	};
	rootObject = 8F19C50D29C7CAEF000CF7BF /* Project object */;
}
